// !$*UTF8*$!
{
	archiveVersion = 1;
	classes = {
	};
	objectVersion = 46;
	objects = {

/* Begin PBXBuildFile section */
		5A025DCA1D403B530060791D /* ForgotPasswordVC.swift in Sources */ = {isa = PBXBuildFile; fileRef = 5A025DC91D403B530060791D /* ForgotPasswordVC.swift */; };
		5A025DCC1D403CBE0060791D /* CustomerSignUpVC.swift in Sources */ = {isa = PBXBuildFile; fileRef = 5A025DCB1D403CBE0060791D /* CustomerSignUpVC.swift */; };
		5A025DCE1D403D050060791D /* BusinessSignUpVC.swift in Sources */ = {isa = PBXBuildFile; fileRef = 5A025DCD1D403D050060791D /* BusinessSignUpVC.swift */; };
		5A129BF21D49C77E00FE5126 /* CustomerViewMessagesVC.swift in Sources */ = {isa = PBXBuildFile; fileRef = 5A129BF11D49C77E00FE5126 /* CustomerViewMessagesVC.swift */; };
		5A129BF41D49C7BC00FE5126 /* CustomerViewBusinessesVC.swift in Sources */ = {isa = PBXBuildFile; fileRef = 5A129BF31D49C7BC00FE5126 /* CustomerViewBusinessesVC.swift */; };
		5A129BF61D49C81200FE5126 /* CustomerViewReservationsVC.swift in Sources */ = {isa = PBXBuildFile; fileRef = 5A129BF51D49C81200FE5126 /* CustomerViewReservationsVC.swift */; };
		5A129BF81D49C83000FE5126 /* CustomerProfileVC.swift in Sources */ = {isa = PBXBuildFile; fileRef = 5A129BF71D49C83000FE5126 /* CustomerProfileVC.swift */; };
		5A129BFA1D49C85500FE5126 /* BusinessViewMessagesVC.swift in Sources */ = {isa = PBXBuildFile; fileRef = 5A129BF91D49C85500FE5126 /* BusinessViewMessagesVC.swift */; };
		5A129BFC1D49C88000FE5126 /* BusinessViewCustomersVC.swift in Sources */ = {isa = PBXBuildFile; fileRef = 5A129BFB1D49C88000FE5126 /* BusinessViewCustomersVC.swift */; };
		5A129BFE1D49C8B400FE5126 /* BusinessViewReservationsVC.swift in Sources */ = {isa = PBXBuildFile; fileRef = 5A129BFD1D49C8B400FE5126 /* BusinessViewReservationsVC.swift */; };
		5A129C001D49C8D100FE5126 /* BusinessProfileVC.swift in Sources */ = {isa = PBXBuildFile; fileRef = 5A129BFF1D49C8D100FE5126 /* BusinessProfileVC.swift */; };
		5A129C021D49F87800FE5126 /* ViewFollowersCell.swift in Sources */ = {isa = PBXBuildFile; fileRef = 5A129C011D49F87800FE5126 /* ViewFollowersCell.swift */; };
		5A1E47A31D55DA0E00A4A308 /* ViewBusinessesCell.swift in Sources */ = {isa = PBXBuildFile; fileRef = 5A1E47A21D55DA0E00A4A308 /* ViewBusinessesCell.swift */; };
		5A248B8B1D5AF48B00854CC3 /* ButtonBorderBlue.swift in Sources */ = {isa = PBXBuildFile; fileRef = 5A248B8A1D5AF48B00854CC3 /* ButtonBorderBlue.swift */; };
		5A3026B61D5BE97C00B3E382 /* BorderImageView.swift in Sources */ = {isa = PBXBuildFile; fileRef = 5A3026B51D5BE97C00B3E382 /* BorderImageView.swift */; };
		5A3026B81D5BFD7A00B3E382 /* ViewBusinessLocationVC.swift in Sources */ = {isa = PBXBuildFile; fileRef = 5A3026B71D5BFD7A00B3E382 /* ViewBusinessLocationVC.swift */; };
		5A3026BC1D5C3C6000B3E382 /* ViewBusinessWebsiteVC.swift in Sources */ = {isa = PBXBuildFile; fileRef = 5A3026BB1D5C3C6000B3E382 /* ViewBusinessWebsiteVC.swift */; };
		5A3026BE1D5C534000B3E382 /* ViewBusinessHoursVC.swift in Sources */ = {isa = PBXBuildFile; fileRef = 5A3026BD1D5C534000B3E382 /* ViewBusinessHoursVC.swift */; };
		5A3026C01D5C582700B3E382 /* Follow.swift in Sources */ = {isa = PBXBuildFile; fileRef = 5A3026BF1D5C582700B3E382 /* Follow.swift */; };
		5A33FF981D41007D00498EC2 /* Assets.xcassets in Resources */ = {isa = PBXBuildFile; fileRef = 5A33FF971D41007D00498EC2 /* Assets.xcassets */; };
		5A3F13F41D4098AF0028E428 /* User.swift in Sources */ = {isa = PBXBuildFile; fileRef = 5A3F13F31D4098AF0028E428 /* User.swift */; };
		5A4C526C1D4B31530052E49B /* DataService.swift in Sources */ = {isa = PBXBuildFile; fileRef = 5A4C526B1D4B31530052E49B /* DataService.swift */; };
		5A4D3A201D57FE72003C1CC1 /* EditBusinessLocationVC.swift in Sources */ = {isa = PBXBuildFile; fileRef = 5A4D3A1F1D57FE72003C1CC1 /* EditBusinessLocationVC.swift */; };
		5A4D3A221D580CEB003C1CC1 /* BusinessAnnotation.swift in Sources */ = {isa = PBXBuildFile; fileRef = 5A4D3A211D580CEB003C1CC1 /* BusinessAnnotation.swift */; };
		5A575A731D48B94B0031FC8B /* MaterialPhoneNumberTextView.swift in Sources */ = {isa = PBXBuildFile; fileRef = 5A575A721D48B94B0031FC8B /* MaterialPhoneNumberTextView.swift */; };
		5A773C0D1D93C05300D14519 /* GeoFire.m in Sources */ = {isa = PBXBuildFile; fileRef = 5A773C041D93C05300D14519 /* GeoFire.m */; };
		5A773C0E1D93C05300D14519 /* GFBase32Utils.m in Sources */ = {isa = PBXBuildFile; fileRef = 5A773C061D93C05300D14519 /* GFBase32Utils.m */; };
		5A773C0F1D93C05300D14519 /* GFGeoHash.m in Sources */ = {isa = PBXBuildFile; fileRef = 5A773C081D93C05300D14519 /* GFGeoHash.m */; };
		5A773C101D93C05300D14519 /* GFGeoHashQuery.m in Sources */ = {isa = PBXBuildFile; fileRef = 5A773C0A1D93C05300D14519 /* GFGeoHashQuery.m */; };
		5A773C111D93C05300D14519 /* GFQuery.m in Sources */ = {isa = PBXBuildFile; fileRef = 5A773C0C1D93C05300D14519 /* GFQuery.m */; };
		5A7880FD1D3E261400F168AE /* AppDelegate.swift in Sources */ = {isa = PBXBuildFile; fileRef = 5A7880FC1D3E261400F168AE /* AppDelegate.swift */; };
		5A7880FF1D3E261400F168AE /* ViewController.swift in Sources */ = {isa = PBXBuildFile; fileRef = 5A7880FE1D3E261400F168AE /* ViewController.swift */; };
		5A7881021D3E261500F168AE /* Main.storyboard in Resources */ = {isa = PBXBuildFile; fileRef = 5A7881001D3E261500F168AE /* Main.storyboard */; };
		5A7881071D3E261500F168AE /* LaunchScreen.storyboard in Resources */ = {isa = PBXBuildFile; fileRef = 5A7881051D3E261500F168AE /* LaunchScreen.storyboard */; };
		5AAC6E071D6505D400D59F44 /* ViewMessageThreadVC.swift in Sources */ = {isa = PBXBuildFile; fileRef = 5AAC6E061D6505D400D59F44 /* ViewMessageThreadVC.swift */; };
		5AB5281D1D91F8D500A81954 /* CustomerProfileCell.swift in Sources */ = {isa = PBXBuildFile; fileRef = 5AB5281C1D91F8D500A81954 /* CustomerProfileCell.swift */; };
		5ABEC9611D7B9439009D7032 /* CustomerReservationCell.swift in Sources */ = {isa = PBXBuildFile; fileRef = 5ABEC9601D7B9439009D7032 /* CustomerReservationCell.swift */; };
		5AC190A31D8F465900DB2431 /* GoogleService-Info.plist in Resources */ = {isa = PBXBuildFile; fileRef = 5AC190A21D8F465900DB2431 /* GoogleService-Info.plist */; };
		5AC190A51D8F4A0900DB2431 /* AuthService.swift in Sources */ = {isa = PBXBuildFile; fileRef = 5AC190A41D8F4A0900DB2431 /* AuthService.swift */; };
		5AC190A71D8F631000DB2431 /* FBDataService.swift in Sources */ = {isa = PBXBuildFile; fileRef = 5AC190A61D8F631000DB2431 /* FBDataService.swift */; };
		5AC190A91D8F681500DB2431 /* NewUser.swift in Sources */ = {isa = PBXBuildFile; fileRef = 5AC190A81D8F681500DB2431 /* NewUser.swift */; };
		5ACA47CA1D725AF400583632 /* ViewCustomerVC.swift in Sources */ = {isa = PBXBuildFile; fileRef = 5ACA47C91D725AF400583632 /* ViewCustomerVC.swift */; };
		5ACF9D051D69354800ED25F7 /* Structs.swift in Sources */ = {isa = PBXBuildFile; fileRef = 5ACF9D041D69354800ED25F7 /* Structs.swift */; };
		5ACF9D071D69B2E700ED25F7 /* CustomerMessageChannelsCell.swift in Sources */ = {isa = PBXBuildFile; fileRef = 5ACF9D061D69B2E700ED25F7 /* CustomerMessageChannelsCell.swift */; };
		5ACF9D091D6A857100ED25F7 /* BusinessMessageChannelsCell.swift in Sources */ = {isa = PBXBuildFile; fileRef = 5ACF9D081D6A857100ED25F7 /* BusinessMessageChannelsCell.swift */; };
		5ADD362F1D3E3C3300394637 /* NotoSans-Bold.ttf in Resources */ = {isa = PBXBuildFile; fileRef = 5ADD362B1D3E3C3300394637 /* NotoSans-Bold.ttf */; };
		5ADD36301D3E3C3300394637 /* NotoSans-BoldItalic.ttf in Resources */ = {isa = PBXBuildFile; fileRef = 5ADD362C1D3E3C3300394637 /* NotoSans-BoldItalic.ttf */; };
		5ADD36311D3E3C3300394637 /* NotoSans-Italic.ttf in Resources */ = {isa = PBXBuildFile; fileRef = 5ADD362D1D3E3C3300394637 /* NotoSans-Italic.ttf */; };
		5ADD36321D3E3C3300394637 /* NotoSans-Regular.ttf in Resources */ = {isa = PBXBuildFile; fileRef = 5ADD362E1D3E3C3300394637 /* NotoSans-Regular.ttf */; };
		5ADD36341D3E3CD400394637 /* Constants.swift in Sources */ = {isa = PBXBuildFile; fileRef = 5ADD36331D3E3CD400394637 /* Constants.swift */; };
		5ADD36361D3E3D3E00394637 /* MaterialView.swift in Sources */ = {isa = PBXBuildFile; fileRef = 5ADD36351D3E3D3E00394637 /* MaterialView.swift */; };
		5ADD36391D3E3E6100394637 /* MaterialTextField.swift in Sources */ = {isa = PBXBuildFile; fileRef = 5ADD36381D3E3E6100394637 /* MaterialTextField.swift */; };
		5AF0B1221D547A4700C14BC4 /* Extensions.swift in Sources */ = {isa = PBXBuildFile; fileRef = 5AF0B1211D547A4700C14BC4 /* Extensions.swift */; };
		5AF2DA091D73E99600C55BEB /* ChoosePartyLeaderVC.swift in Sources */ = {isa = PBXBuildFile; fileRef = 5AF2DA081D73E99600C55BEB /* ChoosePartyLeaderVC.swift */; };
		5AF2DA0B1D73EB0900C55BEB /* ChoosePartyLeaderCell.swift in Sources */ = {isa = PBXBuildFile; fileRef = 5AF2DA0A1D73EB0900C55BEB /* ChoosePartyLeaderCell.swift */; };
		5AF4093C1D73BEED00814B65 /* NewReservationVC.swift in Sources */ = {isa = PBXBuildFile; fileRef = 5AF4093B1D73BEED00814B65 /* NewReservationVC.swift */; };
		5AF4093E1D73C3C300814B65 /* Reservation.swift in Sources */ = {isa = PBXBuildFile; fileRef = 5AF4093D1D73C3C300814B65 /* Reservation.swift */; };
		5AF412871D52A83200F184C0 /* BusinessProfileCell.swift in Sources */ = {isa = PBXBuildFile; fileRef = 5AF412861D52A83200F184C0 /* BusinessProfileCell.swift */; };
		5AF71CB91D488A9B009B6951 /* Messages.swift in Sources */ = {isa = PBXBuildFile; fileRef = 5AF71CB81D488A9B009B6951 /* Messages.swift */; };
		5AF845B81D56E2D400F4A727 /* ViewBusinessVC.swift in Sources */ = {isa = PBXBuildFile; fileRef = 5AF845B71D56E2D400F4A727 /* ViewBusinessVC.swift */; };
		5AFB6F3C1D497174008E332B /* VerifyPhoneNumberVC.swift in Sources */ = {isa = PBXBuildFile; fileRef = 5AFB6F3B1D497174008E332B /* VerifyPhoneNumberVC.swift */; };
		5AFC0F7E1D7BD14A00CAE39A /* BusinessReservationCell.swift in Sources */ = {isa = PBXBuildFile; fileRef = 5AFC0F7D1D7BD14A00CAE39A /* BusinessReservationCell.swift */; };
		F444B6F11D1851099142F997 /* Pods_Bizmi.framework in Frameworks */ = {isa = PBXBuildFile; fileRef = 907A8472BDDF650214013686 /* Pods_Bizmi.framework */; };
/* End PBXBuildFile section */

/* Begin PBXFileReference section */
		5A025DC91D403B530060791D /* ForgotPasswordVC.swift */ = {isa = PBXFileReference; fileEncoding = 4; lastKnownFileType = sourcecode.swift; path = ForgotPasswordVC.swift; sourceTree = "<group>"; };
		5A025DCB1D403CBE0060791D /* CustomerSignUpVC.swift */ = {isa = PBXFileReference; fileEncoding = 4; lastKnownFileType = sourcecode.swift; path = CustomerSignUpVC.swift; sourceTree = "<group>"; };
		5A025DCD1D403D050060791D /* BusinessSignUpVC.swift */ = {isa = PBXFileReference; fileEncoding = 4; lastKnownFileType = sourcecode.swift; path = BusinessSignUpVC.swift; sourceTree = "<group>"; };
		5A129BF11D49C77E00FE5126 /* CustomerViewMessagesVC.swift */ = {isa = PBXFileReference; fileEncoding = 4; lastKnownFileType = sourcecode.swift; path = CustomerViewMessagesVC.swift; sourceTree = "<group>"; };
		5A129BF31D49C7BC00FE5126 /* CustomerViewBusinessesVC.swift */ = {isa = PBXFileReference; fileEncoding = 4; lastKnownFileType = sourcecode.swift; path = CustomerViewBusinessesVC.swift; sourceTree = "<group>"; };
		5A129BF51D49C81200FE5126 /* CustomerViewReservationsVC.swift */ = {isa = PBXFileReference; fileEncoding = 4; lastKnownFileType = sourcecode.swift; path = CustomerViewReservationsVC.swift; sourceTree = "<group>"; };
		5A129BF71D49C83000FE5126 /* CustomerProfileVC.swift */ = {isa = PBXFileReference; fileEncoding = 4; lastKnownFileType = sourcecode.swift; path = CustomerProfileVC.swift; sourceTree = "<group>"; };
		5A129BF91D49C85500FE5126 /* BusinessViewMessagesVC.swift */ = {isa = PBXFileReference; fileEncoding = 4; lastKnownFileType = sourcecode.swift; path = BusinessViewMessagesVC.swift; sourceTree = "<group>"; };
		5A129BFB1D49C88000FE5126 /* BusinessViewCustomersVC.swift */ = {isa = PBXFileReference; fileEncoding = 4; lastKnownFileType = sourcecode.swift; path = BusinessViewCustomersVC.swift; sourceTree = "<group>"; };
		5A129BFD1D49C8B400FE5126 /* BusinessViewReservationsVC.swift */ = {isa = PBXFileReference; fileEncoding = 4; lastKnownFileType = sourcecode.swift; path = BusinessViewReservationsVC.swift; sourceTree = "<group>"; };
		5A129BFF1D49C8D100FE5126 /* BusinessProfileVC.swift */ = {isa = PBXFileReference; fileEncoding = 4; lastKnownFileType = sourcecode.swift; path = BusinessProfileVC.swift; sourceTree = "<group>"; };
		5A129C011D49F87800FE5126 /* ViewFollowersCell.swift */ = {isa = PBXFileReference; fileEncoding = 4; lastKnownFileType = sourcecode.swift; path = ViewFollowersCell.swift; sourceTree = "<group>"; };
		5A1E47A21D55DA0E00A4A308 /* ViewBusinessesCell.swift */ = {isa = PBXFileReference; fileEncoding = 4; lastKnownFileType = sourcecode.swift; path = ViewBusinessesCell.swift; sourceTree = "<group>"; };
		5A248B8A1D5AF48B00854CC3 /* ButtonBorderBlue.swift */ = {isa = PBXFileReference; fileEncoding = 4; lastKnownFileType = sourcecode.swift; path = ButtonBorderBlue.swift; sourceTree = "<group>"; };
		5A3026B51D5BE97C00B3E382 /* BorderImageView.swift */ = {isa = PBXFileReference; fileEncoding = 4; lastKnownFileType = sourcecode.swift; path = BorderImageView.swift; sourceTree = "<group>"; };
		5A3026B71D5BFD7A00B3E382 /* ViewBusinessLocationVC.swift */ = {isa = PBXFileReference; fileEncoding = 4; lastKnownFileType = sourcecode.swift; path = ViewBusinessLocationVC.swift; sourceTree = "<group>"; };
		5A3026BB1D5C3C6000B3E382 /* ViewBusinessWebsiteVC.swift */ = {isa = PBXFileReference; fileEncoding = 4; lastKnownFileType = sourcecode.swift; path = ViewBusinessWebsiteVC.swift; sourceTree = "<group>"; };
		5A3026BD1D5C534000B3E382 /* ViewBusinessHoursVC.swift */ = {isa = PBXFileReference; fileEncoding = 4; lastKnownFileType = sourcecode.swift; path = ViewBusinessHoursVC.swift; sourceTree = "<group>"; };
		5A3026BF1D5C582700B3E382 /* Follow.swift */ = {isa = PBXFileReference; fileEncoding = 4; lastKnownFileType = sourcecode.swift; path = Follow.swift; sourceTree = "<group>"; };
		5A33FF971D41007D00498EC2 /* Assets.xcassets */ = {isa = PBXFileReference; lastKnownFileType = folder.assetcatalog; path = Assets.xcassets; sourceTree = "<group>"; };
		5A3F13F31D4098AF0028E428 /* User.swift */ = {isa = PBXFileReference; fileEncoding = 4; lastKnownFileType = sourcecode.swift; path = User.swift; sourceTree = "<group>"; };
		5A4C526B1D4B31530052E49B /* DataService.swift */ = {isa = PBXFileReference; fileEncoding = 4; lastKnownFileType = sourcecode.swift; path = DataService.swift; sourceTree = "<group>"; };
		5A4D3A1F1D57FE72003C1CC1 /* EditBusinessLocationVC.swift */ = {isa = PBXFileReference; fileEncoding = 4; lastKnownFileType = sourcecode.swift; path = EditBusinessLocationVC.swift; sourceTree = "<group>"; };
		5A4D3A211D580CEB003C1CC1 /* BusinessAnnotation.swift */ = {isa = PBXFileReference; fileEncoding = 4; lastKnownFileType = sourcecode.swift; path = BusinessAnnotation.swift; sourceTree = "<group>"; };
		5A575A721D48B94B0031FC8B /* MaterialPhoneNumberTextView.swift */ = {isa = PBXFileReference; fileEncoding = 4; lastKnownFileType = sourcecode.swift; path = MaterialPhoneNumberTextView.swift; sourceTree = "<group>"; };
		5A773BFD1D93C05300D14519 /* GeoFire.h */ = {isa = PBXFileReference; fileEncoding = 4; lastKnownFileType = sourcecode.c.h; path = GeoFire.h; sourceTree = "<group>"; };
		5A773BFE1D93C05300D14519 /* GFCircleQuery.h */ = {isa = PBXFileReference; fileEncoding = 4; lastKnownFileType = sourcecode.c.h; path = GFCircleQuery.h; sourceTree = "<group>"; };
		5A773BFF1D93C05300D14519 /* GFQuery.h */ = {isa = PBXFileReference; fileEncoding = 4; lastKnownFileType = sourcecode.c.h; path = GFQuery.h; sourceTree = "<group>"; };
		5A773C001D93C05300D14519 /* GFRegionQuery.h */ = {isa = PBXFileReference; fileEncoding = 4; lastKnownFileType = sourcecode.c.h; path = GFRegionQuery.h; sourceTree = "<group>"; };
		5A773C011D93C05300D14519 /* GeoFire-Prefix.pch */ = {isa = PBXFileReference; fileEncoding = 4; lastKnownFileType = sourcecode.c.h; path = "GeoFire-Prefix.pch"; sourceTree = "<group>"; };
		5A773C031D93C05300D14519 /* GeoFire+Private.h */ = {isa = PBXFileReference; fileEncoding = 4; lastKnownFileType = sourcecode.c.h; path = "GeoFire+Private.h"; sourceTree = "<group>"; };
		5A773C041D93C05300D14519 /* GeoFire.m */ = {isa = PBXFileReference; fileEncoding = 4; lastKnownFileType = sourcecode.c.objc; path = GeoFire.m; sourceTree = "<group>"; };
		5A773C051D93C05300D14519 /* GFBase32Utils.h */ = {isa = PBXFileReference; fileEncoding = 4; lastKnownFileType = sourcecode.c.h; path = GFBase32Utils.h; sourceTree = "<group>"; };
		5A773C061D93C05300D14519 /* GFBase32Utils.m */ = {isa = PBXFileReference; fileEncoding = 4; lastKnownFileType = sourcecode.c.objc; path = GFBase32Utils.m; sourceTree = "<group>"; };
		5A773C071D93C05300D14519 /* GFGeoHash.h */ = {isa = PBXFileReference; fileEncoding = 4; lastKnownFileType = sourcecode.c.h; path = GFGeoHash.h; sourceTree = "<group>"; };
		5A773C081D93C05300D14519 /* GFGeoHash.m */ = {isa = PBXFileReference; fileEncoding = 4; lastKnownFileType = sourcecode.c.objc; path = GFGeoHash.m; sourceTree = "<group>"; };
		5A773C091D93C05300D14519 /* GFGeoHashQuery.h */ = {isa = PBXFileReference; fileEncoding = 4; lastKnownFileType = sourcecode.c.h; path = GFGeoHashQuery.h; sourceTree = "<group>"; };
		5A773C0A1D93C05300D14519 /* GFGeoHashQuery.m */ = {isa = PBXFileReference; fileEncoding = 4; lastKnownFileType = sourcecode.c.objc; path = GFGeoHashQuery.m; sourceTree = "<group>"; };
		5A773C0B1D93C05300D14519 /* GFQuery+Private.h */ = {isa = PBXFileReference; fileEncoding = 4; lastKnownFileType = sourcecode.c.h; path = "GFQuery+Private.h"; sourceTree = "<group>"; };
		5A773C0C1D93C05300D14519 /* GFQuery.m */ = {isa = PBXFileReference; fileEncoding = 4; lastKnownFileType = sourcecode.c.objc; path = GFQuery.m; sourceTree = "<group>"; };
		5A773C121D93C41300D14519 /* Bizmi-Bridging-Header.h */ = {isa = PBXFileReference; lastKnownFileType = sourcecode.c.h; path = "Bizmi-Bridging-Header.h"; sourceTree = "<group>"; };
		5A7880F91D3E261400F168AE /* Bizmi.app */ = {isa = PBXFileReference; explicitFileType = wrapper.application; includeInIndex = 0; path = Bizmi.app; sourceTree = BUILT_PRODUCTS_DIR; };
		5A7880FC1D3E261400F168AE /* AppDelegate.swift */ = {isa = PBXFileReference; lastKnownFileType = sourcecode.swift; path = AppDelegate.swift; sourceTree = "<group>"; };
		5A7880FE1D3E261400F168AE /* ViewController.swift */ = {isa = PBXFileReference; lastKnownFileType = sourcecode.swift; path = ViewController.swift; sourceTree = "<group>"; };
		5A7881011D3E261500F168AE /* Base */ = {isa = PBXFileReference; lastKnownFileType = file.storyboard; name = Base; path = Base.lproj/Main.storyboard; sourceTree = "<group>"; };
		5A7881061D3E261500F168AE /* Base */ = {isa = PBXFileReference; lastKnownFileType = file.storyboard; name = Base; path = Base.lproj/LaunchScreen.storyboard; sourceTree = "<group>"; };
		5A7881081D3E261500F168AE /* Info.plist */ = {isa = PBXFileReference; lastKnownFileType = text.plist.xml; path = Info.plist; sourceTree = "<group>"; };
		5AAC6E061D6505D400D59F44 /* ViewMessageThreadVC.swift */ = {isa = PBXFileReference; fileEncoding = 4; lastKnownFileType = sourcecode.swift; path = ViewMessageThreadVC.swift; sourceTree = "<group>"; };
		5AB5281C1D91F8D500A81954 /* CustomerProfileCell.swift */ = {isa = PBXFileReference; fileEncoding = 4; lastKnownFileType = sourcecode.swift; path = CustomerProfileCell.swift; sourceTree = "<group>"; };
		5ABEC9601D7B9439009D7032 /* CustomerReservationCell.swift */ = {isa = PBXFileReference; fileEncoding = 4; lastKnownFileType = sourcecode.swift; path = CustomerReservationCell.swift; sourceTree = "<group>"; };
		5AC190A21D8F465900DB2431 /* GoogleService-Info.plist */ = {isa = PBXFileReference; fileEncoding = 4; lastKnownFileType = text.plist.xml; path = "GoogleService-Info.plist"; sourceTree = "<group>"; };
		5AC190A41D8F4A0900DB2431 /* AuthService.swift */ = {isa = PBXFileReference; fileEncoding = 4; lastKnownFileType = sourcecode.swift; path = AuthService.swift; sourceTree = "<group>"; };
		5AC190A61D8F631000DB2431 /* FBDataService.swift */ = {isa = PBXFileReference; fileEncoding = 4; lastKnownFileType = sourcecode.swift; path = FBDataService.swift; sourceTree = "<group>"; };
		5AC190A81D8F681500DB2431 /* NewUser.swift */ = {isa = PBXFileReference; fileEncoding = 4; lastKnownFileType = sourcecode.swift; path = NewUser.swift; sourceTree = "<group>"; };
		5ACA47C91D725AF400583632 /* ViewCustomerVC.swift */ = {isa = PBXFileReference; fileEncoding = 4; lastKnownFileType = sourcecode.swift; path = ViewCustomerVC.swift; sourceTree = "<group>"; };
		5ACF9D041D69354800ED25F7 /* Structs.swift */ = {isa = PBXFileReference; fileEncoding = 4; lastKnownFileType = sourcecode.swift; path = Structs.swift; sourceTree = "<group>"; };
		5ACF9D061D69B2E700ED25F7 /* CustomerMessageChannelsCell.swift */ = {isa = PBXFileReference; fileEncoding = 4; lastKnownFileType = sourcecode.swift; path = CustomerMessageChannelsCell.swift; sourceTree = "<group>"; };
		5ACF9D081D6A857100ED25F7 /* BusinessMessageChannelsCell.swift */ = {isa = PBXFileReference; fileEncoding = 4; lastKnownFileType = sourcecode.swift; path = BusinessMessageChannelsCell.swift; sourceTree = "<group>"; };
		5ADD362B1D3E3C3300394637 /* NotoSans-Bold.ttf */ = {isa = PBXFileReference; lastKnownFileType = file; path = "NotoSans-Bold.ttf"; sourceTree = "<group>"; };
		5ADD362C1D3E3C3300394637 /* NotoSans-BoldItalic.ttf */ = {isa = PBXFileReference; lastKnownFileType = file; path = "NotoSans-BoldItalic.ttf"; sourceTree = "<group>"; };
		5ADD362D1D3E3C3300394637 /* NotoSans-Italic.ttf */ = {isa = PBXFileReference; lastKnownFileType = file; path = "NotoSans-Italic.ttf"; sourceTree = "<group>"; };
		5ADD362E1D3E3C3300394637 /* NotoSans-Regular.ttf */ = {isa = PBXFileReference; lastKnownFileType = file; path = "NotoSans-Regular.ttf"; sourceTree = "<group>"; };
		5ADD36331D3E3CD400394637 /* Constants.swift */ = {isa = PBXFileReference; fileEncoding = 4; lastKnownFileType = sourcecode.swift; path = Constants.swift; sourceTree = "<group>"; };
		5ADD36351D3E3D3E00394637 /* MaterialView.swift */ = {isa = PBXFileReference; fileEncoding = 4; lastKnownFileType = sourcecode.swift; path = MaterialView.swift; sourceTree = "<group>"; };
		5ADD36381D3E3E6100394637 /* MaterialTextField.swift */ = {isa = PBXFileReference; fileEncoding = 4; lastKnownFileType = sourcecode.swift; path = MaterialTextField.swift; sourceTree = "<group>"; };
		5AF0B1211D547A4700C14BC4 /* Extensions.swift */ = {isa = PBXFileReference; fileEncoding = 4; lastKnownFileType = sourcecode.swift; path = Extensions.swift; sourceTree = "<group>"; };
		5AF2DA081D73E99600C55BEB /* ChoosePartyLeaderVC.swift */ = {isa = PBXFileReference; fileEncoding = 4; lastKnownFileType = sourcecode.swift; path = ChoosePartyLeaderVC.swift; sourceTree = "<group>"; };
		5AF2DA0A1D73EB0900C55BEB /* ChoosePartyLeaderCell.swift */ = {isa = PBXFileReference; fileEncoding = 4; lastKnownFileType = sourcecode.swift; path = ChoosePartyLeaderCell.swift; sourceTree = "<group>"; };
		5AF4093B1D73BEED00814B65 /* NewReservationVC.swift */ = {isa = PBXFileReference; fileEncoding = 4; lastKnownFileType = sourcecode.swift; path = NewReservationVC.swift; sourceTree = "<group>"; };
		5AF4093D1D73C3C300814B65 /* Reservation.swift */ = {isa = PBXFileReference; fileEncoding = 4; lastKnownFileType = sourcecode.swift; path = Reservation.swift; sourceTree = "<group>"; };
		5AF412861D52A83200F184C0 /* BusinessProfileCell.swift */ = {isa = PBXFileReference; fileEncoding = 4; lastKnownFileType = sourcecode.swift; path = BusinessProfileCell.swift; sourceTree = "<group>"; };
		5AF71CB81D488A9B009B6951 /* Messages.swift */ = {isa = PBXFileReference; fileEncoding = 4; lastKnownFileType = sourcecode.swift; path = Messages.swift; sourceTree = "<group>"; };
		5AF845B71D56E2D400F4A727 /* ViewBusinessVC.swift */ = {isa = PBXFileReference; fileEncoding = 4; lastKnownFileType = sourcecode.swift; path = ViewBusinessVC.swift; sourceTree = "<group>"; };
		5AFB6F3B1D497174008E332B /* VerifyPhoneNumberVC.swift */ = {isa = PBXFileReference; fileEncoding = 4; lastKnownFileType = sourcecode.swift; path = VerifyPhoneNumberVC.swift; sourceTree = "<group>"; };
		5AFC0F7D1D7BD14A00CAE39A /* BusinessReservationCell.swift */ = {isa = PBXFileReference; fileEncoding = 4; lastKnownFileType = sourcecode.swift; path = BusinessReservationCell.swift; sourceTree = "<group>"; };
		8645C214E14E20DB58C1F663 /* Pods-Bizmi.release.xcconfig */ = {isa = PBXFileReference; includeInIndex = 1; lastKnownFileType = text.xcconfig; name = "Pods-Bizmi.release.xcconfig"; path = "Pods/Target Support Files/Pods-Bizmi/Pods-Bizmi.release.xcconfig"; sourceTree = "<group>"; };
		907A8472BDDF650214013686 /* Pods_Bizmi.framework */ = {isa = PBXFileReference; explicitFileType = wrapper.framework; includeInIndex = 0; path = Pods_Bizmi.framework; sourceTree = BUILT_PRODUCTS_DIR; };
		A0F0D574491D1769EE46A7BE /* Pods-Bizmi.debug.xcconfig */ = {isa = PBXFileReference; includeInIndex = 1; lastKnownFileType = text.xcconfig; name = "Pods-Bizmi.debug.xcconfig"; path = "Pods/Target Support Files/Pods-Bizmi/Pods-Bizmi.debug.xcconfig"; sourceTree = "<group>"; };
/* End PBXFileReference section */

/* Begin PBXFrameworksBuildPhase section */
		5A7880F61D3E261400F168AE /* Frameworks */ = {
			isa = PBXFrameworksBuildPhase;
			buildActionMask = 2147483647;
			files = (
				F444B6F11D1851099142F997 /* Pods_Bizmi.framework in Frameworks */,
			);
			runOnlyForDeploymentPostprocessing = 0;
		};
/* End PBXFrameworksBuildPhase section */

/* Begin PBXGroup section */
		5A129BEF1D49C74500FE5126 /* Customer Tab Bar */ = {
			isa = PBXGroup;
			children = (
				5A129BF11D49C77E00FE5126 /* CustomerViewMessagesVC.swift */,
				5A129BF31D49C7BC00FE5126 /* CustomerViewBusinessesVC.swift */,
				5A129BF51D49C81200FE5126 /* CustomerViewReservationsVC.swift */,
				5A129BF71D49C83000FE5126 /* CustomerProfileVC.swift */,
			);
			name = "Customer Tab Bar";
			sourceTree = "<group>";
		};
		5A129BF01D49C74F00FE5126 /* Business Tab Bar */ = {
			isa = PBXGroup;
			children = (
				5A129BF91D49C85500FE5126 /* BusinessViewMessagesVC.swift */,
				5A129BFB1D49C88000FE5126 /* BusinessViewCustomersVC.swift */,
				5A129BFD1D49C8B400FE5126 /* BusinessViewReservationsVC.swift */,
				5A129BFF1D49C8D100FE5126 /* BusinessProfileVC.swift */,
			);
			name = "Business Tab Bar";
			sourceTree = "<group>";
		};
		5A773BFB1D93C05300D14519 /* GeoFire */ = {
			isa = PBXGroup;
			children = (
				5A773BFC1D93C05300D14519 /* API */,
				5A773C011D93C05300D14519 /* GeoFire-Prefix.pch */,
				5A773C021D93C05300D14519 /* Implementation */,
			);
			path = GeoFire;
			sourceTree = "<group>";
		};
		5A773BFC1D93C05300D14519 /* API */ = {
			isa = PBXGroup;
			children = (
				5A773BFD1D93C05300D14519 /* GeoFire.h */,
				5A773BFE1D93C05300D14519 /* GFCircleQuery.h */,
				5A773BFF1D93C05300D14519 /* GFQuery.h */,
				5A773C001D93C05300D14519 /* GFRegionQuery.h */,
			);
			path = API;
			sourceTree = "<group>";
		};
		5A773C021D93C05300D14519 /* Implementation */ = {
			isa = PBXGroup;
			children = (
				5A773C031D93C05300D14519 /* GeoFire+Private.h */,
				5A773C041D93C05300D14519 /* GeoFire.m */,
				5A773C051D93C05300D14519 /* GFBase32Utils.h */,
				5A773C061D93C05300D14519 /* GFBase32Utils.m */,
				5A773C071D93C05300D14519 /* GFGeoHash.h */,
				5A773C081D93C05300D14519 /* GFGeoHash.m */,
				5A773C091D93C05300D14519 /* GFGeoHashQuery.h */,
				5A773C0A1D93C05300D14519 /* GFGeoHashQuery.m */,
				5A773C0B1D93C05300D14519 /* GFQuery+Private.h */,
				5A773C0C1D93C05300D14519 /* GFQuery.m */,
			);
			path = Implementation;
			sourceTree = "<group>";
		};
		5A7880F01D3E261400F168AE = {
			isa = PBXGroup;
			children = (
				5A7880FB1D3E261400F168AE /* Bizmi */,
				5A7880FA1D3E261400F168AE /* Products */,
				93EA578DFE471C5192A49203 /* Pods */,
				8CBA35CA3A20FF5DF97A72A7 /* Frameworks */,
			);
			sourceTree = "<group>";
		};
		5A7880FA1D3E261400F168AE /* Products */ = {
			isa = PBXGroup;
			children = (
				5A7880F91D3E261400F168AE /* Bizmi.app */,
			);
			name = Products;
			sourceTree = "<group>";
		};
		5A7880FB1D3E261400F168AE /* Bizmi */ = {
			isa = PBXGroup;
			children = (
				5A773BFB1D93C05300D14519 /* GeoFire */,
				5AC190A21D8F465900DB2431 /* GoogleService-Info.plist */,
				5ADD36261D3E3BB500394637 /* Util */,
				5ADD36271D3E3BBD00394637 /* Resources */,
				5ADD36281D3E3BC600394637 /* Model */,
				5ADD36291D3E3BCC00394637 /* View */,
				5ADD362A1D3E3BD100394637 /* Controller */,
				5A7880FC1D3E261400F168AE /* AppDelegate.swift */,
				5A7881001D3E261500F168AE /* Main.storyboard */,
				5A7881051D3E261500F168AE /* LaunchScreen.storyboard */,
				5A33FF971D41007D00498EC2 /* Assets.xcassets */,
				5A7881081D3E261500F168AE /* Info.plist */,
				5A773C121D93C41300D14519 /* Bizmi-Bridging-Header.h */,
			);
			path = Bizmi;
			sourceTree = "<group>";
		};
		5ADD36261D3E3BB500394637 /* Util */ = {
			isa = PBXGroup;
			children = (
				5ADD36331D3E3CD400394637 /* Constants.swift */,
				5AF71CB81D488A9B009B6951 /* Messages.swift */,
				5A4C526B1D4B31530052E49B /* DataService.swift */,
				5AF0B1211D547A4700C14BC4 /* Extensions.swift */,
				5ACF9D041D69354800ED25F7 /* Structs.swift */,
				5AC190A41D8F4A0900DB2431 /* AuthService.swift */,
				5AC190A61D8F631000DB2431 /* FBDataService.swift */,
			);
			name = Util;
			sourceTree = "<group>";
		};
		5ADD36271D3E3BBD00394637 /* Resources */ = {
			isa = PBXGroup;
			children = (
				5ADD362B1D3E3C3300394637 /* NotoSans-Bold.ttf */,
				5ADD362C1D3E3C3300394637 /* NotoSans-BoldItalic.ttf */,
				5ADD362D1D3E3C3300394637 /* NotoSans-Italic.ttf */,
				5ADD362E1D3E3C3300394637 /* NotoSans-Regular.ttf */,
			);
			name = Resources;
			sourceTree = "<group>";
		};
		5ADD36281D3E3BC600394637 /* Model */ = {
			isa = PBXGroup;
			children = (
				5A3F13F31D4098AF0028E428 /* User.swift */,
				5A3026BF1D5C582700B3E382 /* Follow.swift */,
				5AF4093D1D73C3C300814B65 /* Reservation.swift */,
				5AC190A81D8F681500DB2431 /* NewUser.swift */,
			);
			name = Model;
			sourceTree = "<group>";
		};
		5ADD36291D3E3BCC00394637 /* View */ = {
			isa = PBXGroup;
			children = (
				5ADD36351D3E3D3E00394637 /* MaterialView.swift */,
				5ADD36381D3E3E6100394637 /* MaterialTextField.swift */,
				5A575A721D48B94B0031FC8B /* MaterialPhoneNumberTextView.swift */,
				5A129C011D49F87800FE5126 /* ViewFollowersCell.swift */,
				5AF412861D52A83200F184C0 /* BusinessProfileCell.swift */,
				5A1E47A21D55DA0E00A4A308 /* ViewBusinessesCell.swift */,
				5A4D3A211D580CEB003C1CC1 /* BusinessAnnotation.swift */,
				5A248B8A1D5AF48B00854CC3 /* ButtonBorderBlue.swift */,
				5A3026B51D5BE97C00B3E382 /* BorderImageView.swift */,
				5ACF9D061D69B2E700ED25F7 /* CustomerMessageChannelsCell.swift */,
				5ACF9D081D6A857100ED25F7 /* BusinessMessageChannelsCell.swift */,
				5AF2DA0A1D73EB0900C55BEB /* ChoosePartyLeaderCell.swift */,
				5ABEC9601D7B9439009D7032 /* CustomerReservationCell.swift */,
				5AFC0F7D1D7BD14A00CAE39A /* BusinessReservationCell.swift */,
				5AB5281C1D91F8D500A81954 /* CustomerProfileCell.swift */,
			);
			name = View;
			sourceTree = "<group>";
		};
		5ADD362A1D3E3BD100394637 /* Controller */ = {
			isa = PBXGroup;
			children = (
				5A129BF01D49C74F00FE5126 /* Business Tab Bar */,
				5A129BEF1D49C74500FE5126 /* Customer Tab Bar */,
				5A7880FE1D3E261400F168AE /* ViewController.swift */,
				5A025DC91D403B530060791D /* ForgotPasswordVC.swift */,
				5A025DCB1D403CBE0060791D /* CustomerSignUpVC.swift */,
				5A025DCD1D403D050060791D /* BusinessSignUpVC.swift */,
				5AFB6F3B1D497174008E332B /* VerifyPhoneNumberVC.swift */,
				5AF845B71D56E2D400F4A727 /* ViewBusinessVC.swift */,
				5A4D3A1F1D57FE72003C1CC1 /* EditBusinessLocationVC.swift */,
				5A3026B71D5BFD7A00B3E382 /* ViewBusinessLocationVC.swift */,
				5A3026BB1D5C3C6000B3E382 /* ViewBusinessWebsiteVC.swift */,
				5A3026BD1D5C534000B3E382 /* ViewBusinessHoursVC.swift */,
				5AAC6E061D6505D400D59F44 /* ViewMessageThreadVC.swift */,
				5ACA47C91D725AF400583632 /* ViewCustomerVC.swift */,
				5AF4093B1D73BEED00814B65 /* NewReservationVC.swift */,
				5AF2DA081D73E99600C55BEB /* ChoosePartyLeaderVC.swift */,
			);
			name = Controller;
			sourceTree = "<group>";
		};
		8CBA35CA3A20FF5DF97A72A7 /* Frameworks */ = {
			isa = PBXGroup;
			children = (
				907A8472BDDF650214013686 /* Pods_Bizmi.framework */,
			);
			name = Frameworks;
			sourceTree = "<group>";
		};
		93EA578DFE471C5192A49203 /* Pods */ = {
			isa = PBXGroup;
			children = (
				A0F0D574491D1769EE46A7BE /* Pods-Bizmi.debug.xcconfig */,
				8645C214E14E20DB58C1F663 /* Pods-Bizmi.release.xcconfig */,
			);
			name = Pods;
			sourceTree = "<group>";
		};
/* End PBXGroup section */

/* Begin PBXNativeTarget section */
		5A7880F81D3E261400F168AE /* Bizmi */ = {
			isa = PBXNativeTarget;
			buildConfigurationList = 5A78810B1D3E261500F168AE /* Build configuration list for PBXNativeTarget "Bizmi" */;
			buildPhases = (
				004FE930A029ED8D8447A886 /* [CP] Check Pods Manifest.lock */,
				5A7880F51D3E261400F168AE /* Sources */,
				5A7880F61D3E261400F168AE /* Frameworks */,
				5A7880F71D3E261400F168AE /* Resources */,
				695702FD2BA2C79D428CE54D /* [CP] Embed Pods Frameworks */,
				45561E57A843BDB80B470E02 /* [CP] Copy Pods Resources */,
			);
			buildRules = (
			);
			dependencies = (
			);
			name = Bizmi;
			productName = Bizmi;
			productReference = 5A7880F91D3E261400F168AE /* Bizmi.app */;
			productType = "com.apple.product-type.application";
		};
/* End PBXNativeTarget section */

/* Begin PBXProject section */
		5A7880F11D3E261400F168AE /* Project object */ = {
			isa = PBXProject;
			attributes = {
				LastSwiftUpdateCheck = 0730;
				LastUpgradeCheck = 0800;
				ORGANIZATIONNAME = Alex;
				TargetAttributes = {
					5A7880F81D3E261400F168AE = {
						CreatedOnToolsVersion = 7.3.1;
						DevelopmentTeam = D4U8EYNJR5;
						LastSwiftMigration = 0800;
					};
				};
			};
			buildConfigurationList = 5A7880F41D3E261400F168AE /* Build configuration list for PBXProject "Bizmi" */;
			compatibilityVersion = "Xcode 3.2";
			developmentRegion = English;
			hasScannedForEncodings = 0;
			knownRegions = (
				en,
				Base,
			);
			mainGroup = 5A7880F01D3E261400F168AE;
			productRefGroup = 5A7880FA1D3E261400F168AE /* Products */;
			projectDirPath = "";
			projectRoot = "";
			targets = (
				5A7880F81D3E261400F168AE /* Bizmi */,
			);
		};
/* End PBXProject section */

/* Begin PBXResourcesBuildPhase section */
		5A7880F71D3E261400F168AE /* Resources */ = {
			isa = PBXResourcesBuildPhase;
			buildActionMask = 2147483647;
			files = (
				5ADD362F1D3E3C3300394637 /* NotoSans-Bold.ttf in Resources */,
				5AC190A31D8F465900DB2431 /* GoogleService-Info.plist in Resources */,
				5A7881071D3E261500F168AE /* LaunchScreen.storyboard in Resources */,
				5ADD36301D3E3C3300394637 /* NotoSans-BoldItalic.ttf in Resources */,
				5ADD36311D3E3C3300394637 /* NotoSans-Italic.ttf in Resources */,
				5A33FF981D41007D00498EC2 /* Assets.xcassets in Resources */,
				5A7881021D3E261500F168AE /* Main.storyboard in Resources */,
				5ADD36321D3E3C3300394637 /* NotoSans-Regular.ttf in Resources */,
			);
			runOnlyForDeploymentPostprocessing = 0;
		};
/* End PBXResourcesBuildPhase section */

/* Begin PBXShellScriptBuildPhase section */
		004FE930A029ED8D8447A886 /* [CP] Check Pods Manifest.lock */ = {
			isa = PBXShellScriptBuildPhase;
			buildActionMask = 2147483647;
			files = (
			);
			inputPaths = (
			);
			name = "[CP] Check Pods Manifest.lock";
			outputPaths = (
			);
			runOnlyForDeploymentPostprocessing = 0;
			shellPath = /bin/sh;
			shellScript = "diff \"${PODS_ROOT}/../Podfile.lock\" \"${PODS_ROOT}/Manifest.lock\" > /dev/null\nif [ $? != 0 ] ; then\n    # print error to STDERR\n    echo \"error: The sandbox is not in sync with the Podfile.lock. Run 'pod install' or update your CocoaPods installation.\" >&2\n    exit 1\nfi\n";
			showEnvVarsInLog = 0;
		};
		45561E57A843BDB80B470E02 /* [CP] Copy Pods Resources */ = {
			isa = PBXShellScriptBuildPhase;
			buildActionMask = 2147483647;
			files = (
			);
			inputPaths = (
			);
			name = "[CP] Copy Pods Resources";
			outputPaths = (
			);
			runOnlyForDeploymentPostprocessing = 0;
			shellPath = /bin/sh;
			shellScript = "\"${SRCROOT}/Pods/Target Support Files/Pods-Bizmi/Pods-Bizmi-resources.sh\"\n";
			showEnvVarsInLog = 0;
		};
		695702FD2BA2C79D428CE54D /* [CP] Embed Pods Frameworks */ = {
			isa = PBXShellScriptBuildPhase;
			buildActionMask = 2147483647;
			files = (
			);
			inputPaths = (
			);
			name = "[CP] Embed Pods Frameworks";
			outputPaths = (
			);
			runOnlyForDeploymentPostprocessing = 0;
			shellPath = /bin/sh;
			shellScript = "\"${SRCROOT}/Pods/Target Support Files/Pods-Bizmi/Pods-Bizmi-frameworks.sh\"\n";
			showEnvVarsInLog = 0;
		};
/* End PBXShellScriptBuildPhase section */

/* Begin PBXSourcesBuildPhase section */
		5A7880F51D3E261400F168AE /* Sources */ = {
			isa = PBXSourcesBuildPhase;
			buildActionMask = 2147483647;
			files = (
				5AB5281D1D91F8D500A81954 /* CustomerProfileCell.swift in Sources */,
				5AC190A71D8F631000DB2431 /* FBDataService.swift in Sources */,
				5AC190A91D8F681500DB2431 /* NewUser.swift in Sources */,
				5ACF9D051D69354800ED25F7 /* Structs.swift in Sources */,
				5AC190A51D8F4A0900DB2431 /* AuthService.swift in Sources */,
				5AF412871D52A83200F184C0 /* BusinessProfileCell.swift in Sources */,
				5ACF9D071D69B2E700ED25F7 /* CustomerMessageChannelsCell.swift in Sources */,
				5ACF9D091D6A857100ED25F7 /* BusinessMessageChannelsCell.swift in Sources */,
				5AAC6E071D6505D400D59F44 /* ViewMessageThreadVC.swift in Sources */,
				5A1E47A31D55DA0E00A4A308 /* ViewBusinessesCell.swift in Sources */,
				5AF4093C1D73BEED00814B65 /* NewReservationVC.swift in Sources */,
				5A4D3A221D580CEB003C1CC1 /* BusinessAnnotation.swift in Sources */,
				5A248B8B1D5AF48B00854CC3 /* ButtonBorderBlue.swift in Sources */,
				5A129BF61D49C81200FE5126 /* CustomerViewReservationsVC.swift in Sources */,
				5A025DCC1D403CBE0060791D /* CustomerSignUpVC.swift in Sources */,
				5A4D3A201D57FE72003C1CC1 /* EditBusinessLocationVC.swift in Sources */,
				5AFC0F7E1D7BD14A00CAE39A /* BusinessReservationCell.swift in Sources */,
				5A3026BE1D5C534000B3E382 /* ViewBusinessHoursVC.swift in Sources */,
				5A129BFA1D49C85500FE5126 /* BusinessViewMessagesVC.swift in Sources */,
				5A773C0D1D93C05300D14519 /* GeoFire.m in Sources */,
				5A129BF21D49C77E00FE5126 /* CustomerViewMessagesVC.swift in Sources */,
				5A3026BC1D5C3C6000B3E382 /* ViewBusinessWebsiteVC.swift in Sources */,
				5A129C001D49C8D100FE5126 /* BusinessProfileVC.swift in Sources */,
				5A4C526C1D4B31530052E49B /* DataService.swift in Sources */,
				5ACA47CA1D725AF400583632 /* ViewCustomerVC.swift in Sources */,
				5A7880FF1D3E261400F168AE /* ViewController.swift in Sources */,
				5A129BF41D49C7BC00FE5126 /* CustomerViewBusinessesVC.swift in Sources */,
				5A7880FD1D3E261400F168AE /* AppDelegate.swift in Sources */,
				5A575A731D48B94B0031FC8B /* MaterialPhoneNumberTextView.swift in Sources */,
				5A129C021D49F87800FE5126 /* ViewFollowersCell.swift in Sources */,
				5A3026B81D5BFD7A00B3E382 /* ViewBusinessLocationVC.swift in Sources */,
				5AF845B81D56E2D400F4A727 /* ViewBusinessVC.swift in Sources */,
				5A025DCA1D403B530060791D /* ForgotPasswordVC.swift in Sources */,
				5A129BFC1D49C88000FE5126 /* BusinessViewCustomersVC.swift in Sources */,
				5A773C0F1D93C05300D14519 /* GFGeoHash.m in Sources */,
				5A025DCE1D403D050060791D /* BusinessSignUpVC.swift in Sources */,
				5A3F13F41D4098AF0028E428 /* User.swift in Sources */,
				5A3026C01D5C582700B3E382 /* Follow.swift in Sources */,
				5AF2DA0B1D73EB0900C55BEB /* ChoosePartyLeaderCell.swift in Sources */,
				5A773C0E1D93C05300D14519 /* GFBase32Utils.m in Sources */,
				5A129BFE1D49C8B400FE5126 /* BusinessViewReservationsVC.swift in Sources */,
				5A773C101D93C05300D14519 /* GFGeoHashQuery.m in Sources */,
				5AF4093E1D73C3C300814B65 /* Reservation.swift in Sources */,
				5AF71CB91D488A9B009B6951 /* Messages.swift in Sources */,
				5ADD36391D3E3E6100394637 /* MaterialTextField.swift in Sources */,
				5ABEC9611D7B9439009D7032 /* CustomerReservationCell.swift in Sources */,
				5AF2DA091D73E99600C55BEB /* ChoosePartyLeaderVC.swift in Sources */,
				5AF0B1221D547A4700C14BC4 /* Extensions.swift in Sources */,
				5AFB6F3C1D497174008E332B /* VerifyPhoneNumberVC.swift in Sources */,
				5ADD36341D3E3CD400394637 /* Constants.swift in Sources */,
				5A129BF81D49C83000FE5126 /* CustomerProfileVC.swift in Sources */,
				5A773C111D93C05300D14519 /* GFQuery.m in Sources */,
				5A3026B61D5BE97C00B3E382 /* BorderImageView.swift in Sources */,
				5ADD36361D3E3D3E00394637 /* MaterialView.swift in Sources */,
			);
			runOnlyForDeploymentPostprocessing = 0;
		};
/* End PBXSourcesBuildPhase section */

/* Begin PBXVariantGroup section */
		5A7881001D3E261500F168AE /* Main.storyboard */ = {
			isa = PBXVariantGroup;
			children = (
				5A7881011D3E261500F168AE /* Base */,
			);
			name = Main.storyboard;
			sourceTree = "<group>";
		};
		5A7881051D3E261500F168AE /* LaunchScreen.storyboard */ = {
			isa = PBXVariantGroup;
			children = (
				5A7881061D3E261500F168AE /* Base */,
			);
			name = LaunchScreen.storyboard;
			sourceTree = "<group>";
		};
/* End PBXVariantGroup section */

/* Begin XCBuildConfiguration section */
		5A7881091D3E261500F168AE /* Debug */ = {
			isa = XCBuildConfiguration;
			buildSettings = {
				ALWAYS_SEARCH_USER_PATHS = NO;
				CLANG_ANALYZER_NONNULL = YES;
				CLANG_CXX_LANGUAGE_STANDARD = "gnu++0x";
				CLANG_CXX_LIBRARY = "libc++";
				CLANG_ENABLE_MODULES = YES;
				CLANG_ENABLE_OBJC_ARC = YES;
				CLANG_WARN_BOOL_CONVERSION = YES;
				CLANG_WARN_CONSTANT_CONVERSION = YES;
				CLANG_WARN_DIRECT_OBJC_ISA_USAGE = YES_ERROR;
				CLANG_WARN_EMPTY_BODY = YES;
				CLANG_WARN_ENUM_CONVERSION = YES;
				CLANG_WARN_INFINITE_RECURSION = YES;
				CLANG_WARN_INT_CONVERSION = YES;
				CLANG_WARN_OBJC_ROOT_CLASS = YES_ERROR;
				CLANG_WARN_SUSPICIOUS_MOVE = YES;
				CLANG_WARN_UNREACHABLE_CODE = YES;
				CLANG_WARN__DUPLICATE_METHOD_MATCH = YES;
				"CODE_SIGN_IDENTITY[sdk=iphoneos*]" = "iPhone Developer";
				COPY_PHASE_STRIP = NO;
				DEBUG_INFORMATION_FORMAT = dwarf;
				ENABLE_STRICT_OBJC_MSGSEND = YES;
				ENABLE_TESTABILITY = YES;
				GCC_C_LANGUAGE_STANDARD = gnu99;
				GCC_DYNAMIC_NO_PIC = NO;
				GCC_NO_COMMON_BLOCKS = YES;
				GCC_OPTIMIZATION_LEVEL = 0;
				GCC_PREPROCESSOR_DEFINITIONS = (
					"DEBUG=1",
					"$(inherited)",
				);
				GCC_WARN_64_TO_32_BIT_CONVERSION = YES;
				GCC_WARN_ABOUT_RETURN_TYPE = YES_ERROR;
				GCC_WARN_UNDECLARED_SELECTOR = YES;
				GCC_WARN_UNINITIALIZED_AUTOS = YES_AGGRESSIVE;
				GCC_WARN_UNUSED_FUNCTION = YES;
				GCC_WARN_UNUSED_VARIABLE = YES;
				IPHONEOS_DEPLOYMENT_TARGET = 9.0;
				MTL_ENABLE_DEBUG_INFO = YES;
				ONLY_ACTIVE_ARCH = YES;
				SDKROOT = iphoneos;
				SWIFT_OPTIMIZATION_LEVEL = "-Onone";
				SWIFT_VERSION = 3.0;
			};
			name = Debug;
		};
		5A78810A1D3E261500F168AE /* Release */ = {
			isa = XCBuildConfiguration;
			buildSettings = {
				ALWAYS_SEARCH_USER_PATHS = NO;
				CLANG_ANALYZER_NONNULL = YES;
				CLANG_CXX_LANGUAGE_STANDARD = "gnu++0x";
				CLANG_CXX_LIBRARY = "libc++";
				CLANG_ENABLE_MODULES = YES;
				CLANG_ENABLE_OBJC_ARC = YES;
				CLANG_WARN_BOOL_CONVERSION = YES;
				CLANG_WARN_CONSTANT_CONVERSION = YES;
				CLANG_WARN_DIRECT_OBJC_ISA_USAGE = YES_ERROR;
				CLANG_WARN_EMPTY_BODY = YES;
				CLANG_WARN_ENUM_CONVERSION = YES;
				CLANG_WARN_INFINITE_RECURSION = YES;
				CLANG_WARN_INT_CONVERSION = YES;
				CLANG_WARN_OBJC_ROOT_CLASS = YES_ERROR;
				CLANG_WARN_SUSPICIOUS_MOVE = YES;
				CLANG_WARN_UNREACHABLE_CODE = YES;
				CLANG_WARN__DUPLICATE_METHOD_MATCH = YES;
				"CODE_SIGN_IDENTITY[sdk=iphoneos*]" = "iPhone Developer";
				COPY_PHASE_STRIP = NO;
				DEBUG_INFORMATION_FORMAT = "dwarf-with-dsym";
				ENABLE_NS_ASSERTIONS = NO;
				ENABLE_STRICT_OBJC_MSGSEND = YES;
				GCC_C_LANGUAGE_STANDARD = gnu99;
				GCC_NO_COMMON_BLOCKS = YES;
				GCC_WARN_64_TO_32_BIT_CONVERSION = YES;
				GCC_WARN_ABOUT_RETURN_TYPE = YES_ERROR;
				GCC_WARN_UNDECLARED_SELECTOR = YES;
				GCC_WARN_UNINITIALIZED_AUTOS = YES_AGGRESSIVE;
				GCC_WARN_UNUSED_FUNCTION = YES;
				GCC_WARN_UNUSED_VARIABLE = YES;
				IPHONEOS_DEPLOYMENT_TARGET = 9.0;
				MTL_ENABLE_DEBUG_INFO = NO;
				SDKROOT = iphoneos;
				SWIFT_OPTIMIZATION_LEVEL = "-Owholemodule";
				SWIFT_VERSION = 3.0;
				VALIDATE_PRODUCT = YES;
			};
			name = Release;
		};
		5A78810C1D3E261500F168AE /* Debug */ = {
			isa = XCBuildConfiguration;
			baseConfigurationReference = A0F0D574491D1769EE46A7BE /* Pods-Bizmi.debug.xcconfig */;
			buildSettings = {
				ALWAYS_EMBED_SWIFT_STANDARD_LIBRARIES = YES;
				ASSETCATALOG_COMPILER_APPICON_NAME = AppIcon;
				CODE_SIGN_IDENTITY = "iPhone Developer";
				"CODE_SIGN_IDENTITY[sdk=iphoneos*]" = "iPhone Developer";
				INFOPLIST_FILE = Bizmi/Info.plist;
				IPHONEOS_DEPLOYMENT_TARGET = 9.0;
				LD_RUNPATH_SEARCH_PATHS = "$(inherited) @executable_path/Frameworks";
				PRODUCT_BUNDLE_IDENTIFIER = com.bizmiapp.Bizmi;
				PRODUCT_NAME = "$(TARGET_NAME)";
				PROVISIONING_PROFILE = "";
				SWIFT_OBJC_BRIDGING_HEADER = "Bizmi/Bizmi-Bridging-Header.h";
				SWIFT_VERSION = 3.0;
			};
			name = Debug;
		};
		5A78810D1D3E261500F168AE /* Release */ = {
			isa = XCBuildConfiguration;
			baseConfigurationReference = 8645C214E14E20DB58C1F663 /* Pods-Bizmi.release.xcconfig */;
			buildSettings = {
				ALWAYS_EMBED_SWIFT_STANDARD_LIBRARIES = YES;
				ASSETCATALOG_COMPILER_APPICON_NAME = AppIcon;
				CODE_SIGN_IDENTITY = "iPhone Developer";
				"CODE_SIGN_IDENTITY[sdk=iphoneos*]" = "iPhone Developer";
				INFOPLIST_FILE = Bizmi/Info.plist;
				IPHONEOS_DEPLOYMENT_TARGET = 9.0;
				LD_RUNPATH_SEARCH_PATHS = "$(inherited) @executable_path/Frameworks";
				PRODUCT_BUNDLE_IDENTIFIER = com.bizmiapp.Bizmi;
				PRODUCT_NAME = "$(TARGET_NAME)";
				PROVISIONING_PROFILE = "";
				SWIFT_OBJC_BRIDGING_HEADER = "Bizmi/Bizmi-Bridging-Header.h";
				SWIFT_VERSION = 3.0;
			};
			name = Release;
		};
/* End XCBuildConfiguration section */

/* Begin XCConfigurationList section */
		5A7880F41D3E261400F168AE /* Build configuration list for PBXProject "Bizmi" */ = {
			isa = XCConfigurationList;
			buildConfigurations = (
				5A7881091D3E261500F168AE /* Debug */,
				5A78810A1D3E261500F168AE /* Release */,
			);
			defaultConfigurationIsVisible = 0;
			defaultConfigurationName = Release;
		};
		5A78810B1D3E261500F168AE /* Build configuration list for PBXNativeTarget "Bizmi" */ = {
			isa = XCConfigurationList;
			buildConfigurations = (
				5A78810C1D3E261500F168AE /* Debug */,
				5A78810D1D3E261500F168AE /* Release */,
			);
			defaultConfigurationIsVisible = 0;
			defaultConfigurationName = Release;
		};
/* End XCConfigurationList section */
	};
	rootObject = 5A7880F11D3E261400F168AE /* Project object */;
}
