PODS:
  - Alamofire (3.4.1)
  - AlamofireImage (2.4.0):
    - Alamofire (~> 3.3)
  - ALCameraViewController (1.2.1)
  - Backendless-ios-SDK (3.0.28)
  - DeviceKit (0.3.2)
  - PhoneNumberKit (0.8.4)
  - SendBirdSDK (2.2.13)
  - SinchVerification-Swift (1.4.4)
  - Toast-Swift (1.3.0)
  - TTTAttributedLabel (2.0.0)

DEPENDENCIES:
  - AlamofireImage (~> 2.0)
  - ALCameraViewController
  - Backendless-ios-SDK
  - DeviceKit (~> 0.3.2)
  - PhoneNumberKit (~> 0.8)
  - SendBirdSDK
  - SinchVerification-Swift
  - Toast-Swift (~> 1.3.0)
  - TTTAttributedLabel

SPEC CHECKSUMS:
  Alamofire: 01a82e2f6c0f860ade35534c8dd88be61bdef40c
  AlamofireImage: 87408b652e0f5ae5fe364035f15aea8b9b24c77e
  ALCameraViewController: 51c3617ad4f955106e4bf3a34578433cfff1ec99
  Backendless-ios-SDK: 27e012121c92be48c4aa99a21775732f5010281e
  DeviceKit: 79182140c0aa8daaf4f4b3920e0b079f5fa9db79
  PhoneNumberKit: ec93d8c5e4614ecfc1ef333eb89f7eaadedcaa17
  SendBirdSDK: 1b9e2abee26d2c54a577d58b1cca5de0aeba7cd7
  SinchVerification-Swift: b62b0472825ce2be237d84c9ccc323eeccb4e0b6
  Toast-Swift: 25c3d98db42dc70d9a77b5006ee000e0becb458e
  TTTAttributedLabel: 8cffe8e127e4e82ff3af1e5386d4cd0ad000b656

PODFILE CHECKSUM: 5164f51583b64f065a7ddb048d592b0e39f5193b

COCOAPODS: 1.0.1
