PODS:
  - AFNetworking (3.1.0):
    - AFNetworking/NSURLSession (= 3.1.0)
    - AFNetworking/Reachability (= 3.1.0)
    - AFNetworking/Security (= 3.1.0)
    - AFNetworking/Serialization (= 3.1.0)
    - AFNetworking/UIKit (= 3.1.0)
  - AFNetworking/NSURLSession (3.1.0):
    - AFNetworking/Reachability
    - AFNetworking/Security
    - AFNetworking/Serialization
  - AFNetworking/Reachability (3.1.0)
  - AFNetworking/Security (3.1.0)
  - AFNetworking/Serialization (3.1.0)
  - AFNetworking/UIKit (3.1.0):
    - AFNetworking/NSURLSession
  - Alamofire (4.0.1)
  - AlamofireImage (3.1.0):
    - Alamofire (~> 4.0)
  - ALCameraViewController (1.2.7)
  - BRYXBanner (0.7.1)
  - DeviceKit (1.0.0)
  - Firebase (3.9.0):
    - Firebase/Core (= 3.9.0)
  - Firebase/Auth (3.9.0):
    - Firebase/Core
    - FirebaseAuth (= 3.0.6)
  - Firebase/Core (3.9.0):
    - FirebaseAnalytics (= 3.5.1)
    - FirebaseCore (= 3.4.4)
  - Firebase/Crash (3.9.0):
    - Firebase/Core
    - FirebaseCrash (= 1.1.3)
  - Firebase/Database (3.9.0):
    - Firebase/Core
    - FirebaseDatabase (= 3.1.0)
  - Firebase/Messaging (3.9.0):
    - Firebase/Core
    - FirebaseMessaging (= 1.2.1)
  - Firebase/Storage (3.9.0):
    - Firebase/Core
    - FirebaseStorage (= 1.0.4)
  - FirebaseAnalytics (3.5.1):
    - FirebaseCore (~> 3.4)
    - FirebaseInstanceID (~> 1.0)
    - GoogleInterchangeUtilities (~> 1.2)
    - GoogleSymbolUtilities (~> 1.1)
    - GoogleToolboxForMac/NSData+zlib (~> 2.1)
  - FirebaseAuth (3.0.6):
    - FirebaseAnalytics (~> 3.4)
    - GoogleToolboxForMac/NSDictionary+URLArguments (~> 2.1)
    - GTMSessionFetcher/Core (~> 1.1)
  - FirebaseCore (3.4.4):
    - GoogleInterchangeUtilities (~> 1.2)
    - GoogleToolboxForMac/NSData+zlib (~> 2.1)
  - FirebaseCrash (1.1.3):
    - FirebaseAnalytics (~> 3.4)
    - FirebaseInstanceID (~> 1.0)
    - GoogleInterchangeUtilities (~> 1.2)
    - GoogleSymbolUtilities (~> 1.1)
    - GoogleToolboxForMac/Logger (~> 2.1)
    - GoogleToolboxForMac/NSData+zlib (~> 2.1)
  - FirebaseDatabase (3.1.0):
    - FirebaseAnalytics (~> 3.4)
  - FirebaseInstanceID (1.0.8)
  - FirebaseMessaging (1.2.1):
    - FirebaseAnalytics (~> 3.4)
    - FirebaseInstanceID (~> 1.0)
    - GoogleInterchangeUtilities (~> 1.2)
    - GoogleSymbolUtilities (~> 1.1)
    - GoogleToolboxForMac/Logger (~> 2.1)
  - FirebaseStorage (1.0.4):
    - FirebaseAnalytics (~> 3.4)
    - GTMSessionFetcher/Core (~> 1.1)
  - GoogleInterchangeUtilities (1.2.2):
    - GoogleSymbolUtilities (~> 1.1)
  - GoogleSymbolUtilities (1.1.2)
  - GoogleToolboxForMac/DebugUtils (2.1.0):
    - GoogleToolboxForMac/Defines (= 2.1.0)
  - GoogleToolboxForMac/Defines (2.1.0)
  - GoogleToolboxForMac/Logger (2.1.0):
    - GoogleToolboxForMac/Defines (= 2.1.0)
  - GoogleToolboxForMac/NSData+zlib (2.1.0):
    - GoogleToolboxForMac/Defines (= 2.1.0)
  - GoogleToolboxForMac/NSDictionary+URLArguments (2.1.0):
    - GoogleToolboxForMac/DebugUtils (= 2.1.0)
    - GoogleToolboxForMac/Defines (= 2.1.0)
    - GoogleToolboxForMac/NSString+URLArguments (= 2.1.0)
  - GoogleToolboxForMac/NSString+URLArguments (2.1.0)
  - GTMSessionFetcher/Core (1.1.7)
  - HotlineSDK (1.1.8)
  - JSQMessagesViewController (7.3.4):
    - JSQSystemSoundPlayer (~> 2.0.1)
  - JSQSystemSoundPlayer (2.0.1)
  - PhoneNumberKit (1.0.1):
    - PhoneNumberKit/PhoneNumberKitCore (= 1.0.1)
    - PhoneNumberKit/UIKit (= 1.0.1)
  - PhoneNumberKit/PhoneNumberKitCore (1.0.1)
  - PhoneNumberKit/UIKit (1.0.1):
    - PhoneNumberKit/PhoneNumberKitCore
  - SinchVerification-Swift (2.0.2)
  - Toast-Swift (1.3.0)
  - TTTAttributedLabel (2.0.0)

DEPENDENCIES:
  - AFNetworking (~> 3.0)
  - AlamofireImage (~> 3.0)
  - ALCameraViewController
  - BRYXBanner
  - DeviceKit (~> 1.0)
  - Firebase
  - Firebase/Auth
  - Firebase/Core
  - Firebase/Crash
  - Firebase/Database
  - Firebase/Messaging
  - Firebase/Storage
  - HotlineSDK
  - JSQMessagesViewController
  - PhoneNumberKit (from `https://github.com/marmelroy/PhoneNumberKit.git`, branch `master`)
  - SinchVerification-Swift
  - Toast-Swift (from `https://github.com/scalessec/Toast-Swift.git`, branch `feature/swift-3.0`)
  - TTTAttributedLabel

EXTERNAL SOURCES:
  PhoneNumberKit:
    :branch: master
    :git: https://github.com/marmelroy/PhoneNumberKit.git
  Toast-Swift:
    :branch: feature/swift-3.0
    :git: https://github.com/scalessec/Toast-Swift.git

CHECKOUT OPTIONS:
  PhoneNumberKit:
    :commit: 25bc648cedf309479e2986606371dfcedd548dd6
    :git: https://github.com/marmelroy/PhoneNumberKit.git
  Toast-Swift:
    :commit: 194f6137e9c1fd7e52b9fbbaa350fed155ffa003
    :git: https://github.com/scalessec/Toast-Swift.git

SPEC CHECKSUMS:
  AFNetworking: 5e0e199f73d8626b11e79750991f5d173d1f8b67
  Alamofire: 7682d43245de14874acd142ec137b144aa1dd335
  AlamofireImage: bb8c8351c51cb1633bb6be69b6dbbaff37ce65b7
  ALCameraViewController: 4a513b8d5ecfdb3f34c50b1d469c373aae1ec7b4
  BRYXBanner: 34eabf9c6c009f187948ca78a4f3bba3767d0f04
  DeviceKit: ddead7f3a7c9603ba3a63cb748566428c38dd11f
  Firebase: ff77ffb77b317c3720fef57a60e9335cebf962e6
  FirebaseAnalytics: 6e58fc9b397664369ac7617fb0ba93fab6ba7b5b
  FirebaseAuth: 96e9674ff31d6e1f826d53e26aa003a57cab0295
  FirebaseCore: d0ed25f27b6f9158eccc439f1be6f92e81207e28
  FirebaseCrash: bafd94cd9c9373b6eb8c631705680e891f54bdb3
  FirebaseDatabase: 3ebb2edb6007c3f0f87b248f3fa212bde56a1468
  FirebaseInstanceID: ba1e640935235e5fac39dfa816fe7660e72e1a8a
  FirebaseMessaging: acf66347e43c5637c697060c3001d25c809a4131
  FirebaseStorage: c50aa353bf484072704e73b4aff1bd47adb735c4
  GoogleInterchangeUtilities: d5bc4d88d5b661ab72f9d70c58d02ca8c27ad1f7
  GoogleSymbolUtilities: 631ee17048aa5e9ab133470d768ea997a5ef9b96
  GoogleToolboxForMac: 2b2596cbb7186865e98cadf2b1e262d851c2b168
  GTMSessionFetcher: a1f8ed39e4fe21c68957daed472c7afbcdf29166
  HotlineSDK: 9402e1f07b6699780198c969f8258fbece144928
  JSQMessagesViewController: 39fed975e3c9f8eba7292071e29eeb541d105e66
  JSQSystemSoundPlayer: c5850e77a4363ffd374cd851154b9af93264ed8d
  PhoneNumberKit: 0b5ea9a5454d201656db766343e9d768f8542496
  SinchVerification-Swift: d71f4195a84e20baecd393cd7b10a4772c759dac
  Toast-Swift: 25c3d98db42dc70d9a77b5006ee000e0becb458e
  TTTAttributedLabel: 8cffe8e127e4e82ff3af1e5386d4cd0ad000b656

PODFILE CHECKSUM: 7c50b7cc07d3f4fba5d71970c396f3b890e081cc

COCOAPODS: 1.1.0.rc.2
